
Microsoft Visual Studio Solution File, Format Version 12.00
# Visual Studio Version 17
VisualStudioVersion = 17.5.002.0
MinimumVisualStudioVersion = 10.0.40219.1
Project("{2150E333-8FDC-42A3-9474-1A3956D46DE8}") = "Tutorial", "Tutorial", "{268621EE-47B9-4176-82E9-F5E0B974ABCD}"
EndProject
Project("{9A19103F-16F7-4668-BE54-9A1E7A4F7556}") = "Hello", "Tutorial\Hello\Hello.csproj", "{D38E2A91-F0F1-4E4F-8FAF-AE2A310E2959}"
EndProject
Global
	GlobalSection(SolutionConfigurationPlatforms) = preSolution
		Debug|Any CPU = Debug|Any CPU
		Release|Any CPU = Release|Any CPU
	EndGlobalSection
	GlobalSection(ProjectConfigurationPlatforms) = postSolution
		{D38E2A91-F0F1-4E4F-8FAF-AE2A310E2959}.Debug|Any CPU.ActiveCfg = Debug|Any CPU
		{D38E2A91-F0F1-4E4F-8FAF-AE2A310E2959}.Debug|Any CPU.Build.0 = Debug|Any CPU
		{D38E2A91-F0F1-4E4F-8FAF-AE2A310E2959}.Release|Any CPU.ActiveCfg = Release|Any CPU
		{D38E2A91-F0F1-4E4F-8FAF-AE2A310E2959}.Release|Any CPU.Build.0 = Release|Any CPU
	EndGlobalSection
	GlobalSection(SolutionProperties) = preSolution
		HideSolutionNode = FALSE
	EndGlobalSection
	GlobalSection(NestedProjects) = preSolution
		{D38E2A91-F0F1-4E4F-8FAF-AE2A310E2959} = {268621EE-47B9-4176-82E9-F5E0B974ABCD}
	EndGlobalSection
	GlobalSection(ExtensibilityGlobals) = postSolution
		SolutionGuid = {CB72E51A-D3AD-4DB7-B637-5B0CEF1B8E6F}
	EndGlobalSection
EndGlobal
